
Microsoft Visual Studio Solution File, Format Version 12.00
# Visual Studio Version 16
VisualStudioVersion = 16.0.29709.97
MinimumVisualStudioVersion = 10.0.40219.1
Project("{9A19103F-16F7-4668-BE54-9A1E7A4F7556}") = "FOIA", "FOIA.csproj", "{2742EA84-1F07-4FC6-8FAD-C99F958460BC}"
EndProject
Global
	GlobalSection(SolutionConfigurationPlatforms) = preSolution
		Debug|Any CPU = Debug|Any CPU
		Release|Any CPU = Release|Any CPU
	EndGlobalSection
	GlobalSection(ProjectConfigurationPlatforms) = postSolution
		{2742EA84-1F07-4FC6-8FAD-C99F958460BC}.Debug|Any CPU.ActiveCfg = Debug|Any CPU
		{2742EA84-1F07-4FC6-8FAD-C99F958460BC}.Debug|Any CPU.Build.0 = Debug|Any CPU
		{2742EA84-1F07-4FC6-8FAD-C99F958460BC}.Release|Any CPU.ActiveCfg = Release|Any CPU
		{2742EA84-1F07-4FC6-8FAD-C99F958460BC}.Release|Any CPU.Build.0 = Release|Any CPU
	EndGlobalSection
	GlobalSection(SolutionProperties) = preSolution
		HideSolutionNode = FALSE
	EndGlobalSection
	GlobalSection(ExtensibilityGlobals) = postSolution
		SolutionGuid = {CC6A37AB-C8C6-4E0F-833D-CCEE6B4EAD94}
	EndGlobalSection
EndGlobal
